
Microsoft Visual Studio Solution File, Format Version 12.00
# Visual Studio Version 16
VisualStudioVersion = 16.0.29613.14
MinimumVisualStudioVersion = 10.0.40219.1
Project("{FAE04EC0-301F-11D3-BF4B-00C04F79EFBC}") = "aa", "aa\aa.csproj", "{72E464E3-4234-4855-B70F-558AC53055DB}"
EndProject
Global
	GlobalSection(SolutionConfigurationPlatforms) = preSolution
		Debug|Any CPU = Debug|Any CPU
		Release|Any CPU = Release|Any CPU
	EndGlobalSection
	GlobalSection(ProjectConfigurationPlatforms) = postSolution
		{72E464E3-4234-4855-B70F-558AC53055DB}.Debug|Any CPU.ActiveCfg = Debug|Any CPU
		{72E464E3-4234-4855-B70F-558AC53055DB}.Debug|Any CPU.Build.0 = Debug|Any CPU
		{72E464E3-4234-4855-B70F-558AC53055DB}.Release|Any CPU.ActiveCfg = Release|Any CPU
		{72E464E3-4234-4855-B70F-558AC53055DB}.Release|Any CPU.Build.0 = Release|Any CPU
	EndGlobalSection
	GlobalSection(SolutionProperties) = preSolution
		HideSolutionNode = FALSE
	EndGlobalSection
	GlobalSection(ExtensibilityGlobals) = postSolution
		SolutionGuid = {1A27431F-02AC-420E-864A-02DAA50D5396}
	EndGlobalSection
EndGlobal
